
Microsoft Visual Studio Solution File, Format Version 12.00
# Visual Studio Version 16
VisualStudioVersion = 16.0.30907.101
MinimumVisualStudioVersion = 10.0.40219.1
Project("{FAE04EC0-301F-11D3-BF4B-00C04F79EFBC}") = "MyDictionary", "MyDictionary\MyDictionary.csproj", "{B2980F0D-AF26-4312-A570-E72DD4709547}"
EndProject
Global
	GlobalSection(SolutionConfigurationPlatforms) = preSolution
		Debug|Any CPU = Debug|Any CPU
		Release|Any CPU = Release|Any CPU
	EndGlobalSection
	GlobalSection(ProjectConfigurationPlatforms) = postSolution
		{B2980F0D-AF26-4312-A570-E72DD4709547}.Debug|Any CPU.ActiveCfg = Debug|Any CPU
		{B2980F0D-AF26-4312-A570-E72DD4709547}.Debug|Any CPU.Build.0 = Debug|Any CPU
		{B2980F0D-AF26-4312-A570-E72DD4709547}.Release|Any CPU.ActiveCfg = Release|Any CPU
		{B2980F0D-AF26-4312-A570-E72DD4709547}.Release|Any CPU.Build.0 = Release|Any CPU
	EndGlobalSection
	GlobalSection(SolutionProperties) = preSolution
		HideSolutionNode = FALSE
	EndGlobalSection
	GlobalSection(ExtensibilityGlobals) = postSolution
		SolutionGuid = {52934448-9BC2-410A-B84A-3F8B56F94426}
	EndGlobalSection
EndGlobal
